// !$*UTF8*$!
{
	archiveVersion = 1;
	classes = {
	};
	objectVersion = 77;
	objects = {

/* Begin PBXContainerItemProxy section */
		396C38CC2DF953CF0050D84F /* PBXContainerItemProxy */ = {
			isa = PBXContainerItemProxy;
			containerPortal = 396C38B32DF953CE0050D84F /* Project object */;
			proxyType = 1;
			remoteGlobalIDString = 396C38BA2DF953CE0050D84F;
			remoteInfo = MonthlyBudgetApp;
		};
		396C38D62DF953CF0050D84F /* PBXContainerItemProxy */ = {
			isa = PBXContainerItemProxy;
			containerPortal = 396C38B32DF953CE0050D84F /* Project object */;
			proxyType = 1;
			remoteGlobalIDString = 396C38BA2DF953CE0050D84F;
			remoteInfo = MonthlyBudgetApp;
		};
/* End PBXContainerItemProxy section */

/* Begin PBXFileReference section */
		396C38BB2DF953CE0050D84F /* MonthlyBudgetApp.app */ = {isa = PBXFileReference; explicitFileType = wrapper.application; includeInIndex = 0; path = MonthlyBudgetApp.app; sourceTree = BUILT_PRODUCTS_DIR; };
		396C38CB2DF953CF0050D84F /* MonthlyBudgetAppTests.xctest */ = {isa = PBXFileReference; explicitFileType = wrapper.cfbundle; includeInIndex = 0; path = MonthlyBudgetAppTests.xctest; sourceTree = BUILT_PRODUCTS_DIR; };
		396C38D52DF953CF0050D84F /* MonthlyBudgetAppUITests.xctest */ = {isa = PBXFileReference; explicitFileType = wrapper.cfbundle; includeInIndex = 0; path = MonthlyBudgetAppUITests.xctest; sourceTree = BUILT_PRODUCTS_DIR; };
/* End PBXFileReference section */

/* Begin PBXFileSystemSynchronizedRootGroup section */
		396C38BD2DF953CE0050D84F /* MonthlyBudgetApp */ = {
			isa = PBXFileSystemSynchronizedRootGroup;
			path = MonthlyBudgetApp;
			sourceTree = "<group>";
		};
		396C38CE2DF953CF0050D84F /* MonthlyBudgetAppTests */ = {
			isa = PBXFileSystemSynchronizedRootGroup;
			path = MonthlyBudgetAppTests;
			sourceTree = "<group>";
		};
		396C38D82DF953CF0050D84F /* MonthlyBudgetAppUITests */ = {
			isa = PBXFileSystemSynchronizedRootGroup;
			path = MonthlyBudgetAppUITests;
			sourceTree = "<group>";
		};
/* End PBXFileSystemSynchronizedRootGroup section */

/* Begin PBXFrameworksBuildPhase section */
		396C38B82DF953CE0050D84F /* Frameworks */ = {
			isa = PBXFrameworksBuildPhase;
			buildActionMask = 2147483647;
			files = (
			);
			runOnlyForDeploymentPostprocessing = 0;
		};
		396C38C82DF953CF0050D84F /* Frameworks */ = {
			isa = PBXFrameworksBuildPhase;
			buildActionMask = 2147483647;
			files = (
			);
			runOnlyForDeploymentPostprocessing = 0;
		};
		396C38D22DF953CF0050D84F /* Frameworks */ = {
			isa = PBXFrameworksBuildPhase;
			buildActionMask = 2147483647;
			files = (
			);
			runOnlyForDeploymentPostprocessing = 0;
		};
/* End PBXFrameworksBuildPhase section */

/* Begin PBXGroup section */
		396C38B22DF953CE0050D84F = {
			isa = PBXGroup;
			children = (
				396C38BD2DF953CE0050D84F /* MonthlyBudgetApp */,
				396C38CE2DF953CF0050D84F /* MonthlyBudgetAppTests */,
				396C38D82DF953CF0050D84F /* MonthlyBudgetAppUITests */,
				396C38BC2DF953CE0050D84F /* Products */,
			);
			sourceTree = "<group>";
		};
		396C38BC2DF953CE0050D84F /* Products */ = {
			isa = PBXGroup;
			children = (
				396C38BB2DF953CE0050D84F /* MonthlyBudgetApp.app */,
				396C38CB2DF953CF0050D84F /* MonthlyBudgetAppTests.xctest */,
				396C38D52DF953CF0050D84F /* MonthlyBudgetAppUITests.xctest */,
			);
			name = Products;
			sourceTree = "<group>";
		};
/* End PBXGroup section */

/* Begin PBXNativeTarget section */
		396C38BA2DF953CE0050D84F /* MonthlyBudgetApp */ = {
			isa = PBXNativeTarget;
			buildConfigurationList = 396C38DF2DF953CF0050D84F /* Build configuration list for PBXNativeTarget "MonthlyBudgetApp" */;
			buildPhases = (
				396C38B72DF953CE0050D84F /* Sources */,
				396C38B82DF953CE0050D84F /* Frameworks */,
				396C38B92DF953CE0050D84F /* Resources */,
			);
			buildRules = (
			);
			dependencies = (
			);
			fileSystemSynchronizedGroups = (
				396C38BD2DF953CE0050D84F /* MonthlyBudgetApp */,
			);
			name = MonthlyBudgetApp;
			packageProductDependencies = (
			);
			productName = MonthlyBudgetApp;
			productReference = 396C38BB2DF953CE0050D84F /* MonthlyBudgetApp.app */;
			productType = "com.apple.product-type.application";
		};
		396C38CA2DF953CF0050D84F /* MonthlyBudgetAppTests */ = {
			isa = PBXNativeTarget;
			buildConfigurationList = 396C38E22DF953CF0050D84F /* Build configuration list for PBXNativeTarget "MonthlyBudgetAppTests" */;
			buildPhases = (
				396C38C72DF953CF0050D84F /* Sources */,
				396C38C82DF953CF0050D84F /* Frameworks */,
				396C38C92DF953CF0050D84F /* Resources */,
			);
			buildRules = (
			);
			dependencies = (
				396C38CD2DF953CF0050D84F /* PBXTargetDependency */,
			);
			fileSystemSynchronizedGroups = (
				396C38CE2DF953CF0050D84F /* MonthlyBudgetAppTests */,
			);
			name = MonthlyBudgetAppTests;
			packageProductDependencies = (
			);
			productName = MonthlyBudgetAppTests;
			productReference = 396C38CB2DF953CF0050D84F /* MonthlyBudgetAppTests.xctest */;
			productType = "com.apple.product-type.bundle.unit-test";
		};
		396C38D42DF953CF0050D84F /* MonthlyBudgetAppUITests */ = {
			isa = PBXNativeTarget;
			buildConfigurationList = 396C38E52DF953CF0050D84F /* Build configuration list for PBXNativeTarget "MonthlyBudgetAppUITests" */;
			buildPhases = (
				396C38D12DF953CF0050D84F /* Sources */,
				396C38D22DF953CF0050D84F /* Frameworks */,
				396C38D32DF953CF0050D84F /* Resources */,
			);
			buildRules = (
			);
			dependencies = (
				396C38D72DF953CF0050D84F /* PBXTargetDependency */,
			);
			fileSystemSynchronizedGroups = (
				396C38D82DF953CF0050D84F /* MonthlyBudgetAppUITests */,
			);
			name = MonthlyBudgetAppUITests;
			packageProductDependencies = (
			);
			productName = MonthlyBudgetAppUITests;
			productReference = 396C38D52DF953CF0050D84F /* MonthlyBudgetAppUITests.xctest */;
			productType = "com.apple.product-type.bundle.ui-testing";
		};
/* End PBXNativeTarget section */

/* Begin PBXProject section */
		396C38B32DF953CE0050D84F /* Project object */ = {
			isa = PBXProject;
			attributes = {
				BuildIndependentTargetsInParallel = 1;
				LastSwiftUpdateCheck = 1600;
				LastUpgradeCheck = 1600;
				TargetAttributes = {
					396C38BA2DF953CE0050D84F = {
						CreatedOnToolsVersion = 16.0;
					};
					396C38CA2DF953CF0050D84F = {
						CreatedOnToolsVersion = 16.0;
						TestTargetID = 396C38BA2DF953CE0050D84F;
					};
					396C38D42DF953CF0050D84F = {
						CreatedOnToolsVersion = 16.0;
						TestTargetID = 396C38BA2DF953CE0050D84F;
					};
				};
			};
			buildConfigurationList = 396C38B62DF953CE0050D84F /* Build configuration list for PBXProject "MonthlyBudgetApp" */;
			developmentRegion = en;
			hasScannedForEncodings = 0;
			knownRegions = (
				en,
				Base,
			);
			mainGroup = 396C38B22DF953CE0050D84F;
			minimizedProjectReferenceProxies = 1;
			preferredProjectObjectVersion = 77;
			productRefGroup = 396C38BC2DF953CE0050D84F /* Products */;
			projectDirPath = "";
			projectRoot = "";
			targets = (
				396C38BA2DF953CE0050D84F /* MonthlyBudgetApp */,
				396C38CA2DF953CF0050D84F /* MonthlyBudgetAppTests */,
				396C38D42DF953CF0050D84F /* MonthlyBudgetAppUITests */,
			);
		};
/* End PBXProject section */

/* Begin PBXResourcesBuildPhase section */
		396C38B92DF953CE0050D84F /* Resources */ = {
			isa = PBXResourcesBuildPhase;
			buildActionMask = 2147483647;
			files = (
			);
			runOnlyForDeploymentPostprocessing = 0;
		};
		396C38C92DF953CF0050D84F /* Resources */ = {
			isa = PBXResourcesBuildPhase;
			buildActionMask = 2147483647;
			files = (
			);
			runOnlyForDeploymentPostprocessing = 0;
		};
		396C38D32DF953CF0050D84F /* Resources */ = {
			isa = PBXResourcesBuildPhase;
			buildActionMask = 2147483647;
			files = (
			);
			runOnlyForDeploymentPostprocessing = 0;
		};
/* End PBXResourcesBuildPhase section */

/* Begin PBXSourcesBuildPhase section */
		396C38B72DF953CE0050D84F /* Sources */ = {
			isa = PBXSourcesBuildPhase;
			buildActionMask = 2147483647;
			files = (
			);
			runOnlyForDeploymentPostprocessing = 0;
		};
		396C38C72DF953CF0050D84F /* Sources */ = {
			isa = PBXSourcesBuildPhase;
			buildActionMask = 2147483647;
			files = (
			);
			runOnlyForDeploymentPostprocessing = 0;
		};
		396C38D12DF953CF0050D84F /* Sources */ = {
			isa = PBXSourcesBuildPhase;
			buildActionMask = 2147483647;
			files = (
			);
			runOnlyForDeploymentPostprocessing = 0;
		};
/* End PBXSourcesBuildPhase section */

/* Begin PBXTargetDependency section */
		396C38CD2DF953CF0050D84F /* PBXTargetDependency */ = {
			isa = PBXTargetDependency;
			target = 396C38BA2DF953CE0050D84F /* MonthlyBudgetApp */;
			targetProxy = 396C38CC2DF953CF0050D84F /* PBXContainerItemProxy */;
		};
		396C38D72DF953CF0050D84F /* PBXTargetDependency */ = {
			isa = PBXTargetDependency;
			target = 396C38BA2DF953CE0050D84F /* MonthlyBudgetApp */;
			targetProxy = 396C38D62DF953CF0050D84F /* PBXContainerItemProxy */;
		};
/* End PBXTargetDependency section */

/* Begin XCBuildConfiguration section */
		396C38DD2DF953CF0050D84F /* Debug */ = {
			isa = XCBuildConfiguration;
			buildSettings = {
				ALWAYS_SEARCH_USER_PATHS = NO;
				ASSETCATALOG_COMPILER_GENERATE_SWIFT_ASSET_SYMBOL_EXTENSIONS = YES;
				CLANG_ANALYZER_NONNULL = YES;
				CLANG_ANALYZER_NUMBER_OBJECT_CONVERSION = YES_AGGRESSIVE;
				CLANG_CXX_LANGUAGE_STANDARD = "gnu++20";
				CLANG_ENABLE_MODULES = YES;
				CLANG_ENABLE_OBJC_ARC = YES;
				CLANG_ENABLE_OBJC_WEAK = YES;
				CLANG_WARN_BLOCK_CAPTURE_AUTORELEASING = YES;
				CLANG_WARN_BOOL_CONVERSION = YES;
				CLANG_WARN_COMMA = YES;
				CLANG_WARN_CONSTANT_CONVERSION = YES;
				CLANG_WARN_DEPRECATED_OBJC_IMPLEMENTATIONS = YES;
				CLANG_WARN_DIRECT_OBJC_ISA_USAGE = YES_ERROR;
				CLANG_WARN_DOCUMENTATION_COMMENTS = YES;
				CLANG_WARN_EMPTY_BODY = YES;
				CLANG_WARN_ENUM_CONVERSION = YES;
				CLANG_WARN_INFINITE_RECURSION = YES;
				CLANG_WARN_INT_CONVERSION = YES;
				CLANG_WARN_NON_LITERAL_NULL_CONVERSION = YES;
				CLANG_WARN_OBJC_IMPLICIT_RETAIN_SELF = YES;
				CLANG_WARN_OBJC_LITERAL_CONVERSION = YES;
				CLANG_WARN_OBJC_ROOT_CLASS = YES_ERROR;
				CLANG_WARN_QUOTED_INCLUDE_IN_FRAMEWORK_HEADER = YES;
				CLANG_WARN_RANGE_LOOP_ANALYSIS = YES;
				CLANG_WARN_STRICT_PROTOTYPES = YES;
				CLANG_WARN_SUSPICIOUS_MOVE = YES;
				CLANG_WARN_UNGUARDED_AVAILABILITY = YES_AGGRESSIVE;
				CLANG_WARN_UNREACHABLE_CODE = YES;
				CLANG_WARN__DUPLICATE_METHOD_MATCH = YES;
				COPY_PHASE_STRIP = NO;
				DEBUG_INFORMATION_FORMAT = dwarf;
				ENABLE_STRICT_OBJC_MSGSEND = YES;
				ENABLE_TESTABILITY = YES;
				ENABLE_USER_SCRIPT_SANDBOXING = YES;
				GCC_C_LANGUAGE_STANDARD = gnu17;
				GCC_DYNAMIC_NO_PIC = NO;
				GCC_NO_COMMON_BLOCKS = YES;
				GCC_OPTIMIZATION_LEVEL = 0;
				GCC_PREPROCESSOR_DEFINITIONS = (
					"DEBUG=1",
					"$(inherited)",
				);
				GCC_WARN_64_TO_32_BIT_CONVERSION = YES;
				GCC_WARN_ABOUT_RETURN_TYPE = YES_ERROR;
				GCC_WARN_UNDECLARED_SELECTOR = YES;
				GCC_WARN_UNINITIALIZED_AUTOS = YES_AGGRESSIVE;
				GCC_WARN_UNUSED_FUNCTION = YES;
				GCC_WARN_UNUSED_VARIABLE = YES;
				IPHONEOS_DEPLOYMENT_TARGET = 18.0;
				LOCALIZATION_PREFERS_STRING_CATALOGS = YES;
				MTL_ENABLE_DEBUG_INFO = INCLUDE_SOURCE;
				MTL_FAST_MATH = YES;
				ONLY_ACTIVE_ARCH = YES;
				SDKROOT = iphoneos;
				SWIFT_ACTIVE_COMPILATION_CONDITIONS = "DEBUG $(inherited)";
				SWIFT_OPTIMIZATION_LEVEL = "-Onone";
			};
			name = Debug;
		};
		396C38DE2DF953CF0050D84F /* Release */ = {
			isa = XCBuildConfiguration;
			buildSettings = {
				ALWAYS_SEARCH_USER_PATHS = NO;
				ASSETCATALOG_COMPILER_GENERATE_SWIFT_ASSET_SYMBOL_EXTENSIONS = YES;
				CLANG_ANALYZER_NONNULL = YES;
				CLANG_ANALYZER_NUMBER_OBJECT_CONVERSION = YES_AGGRESSIVE;
				CLANG_CXX_LANGUAGE_STANDARD = "gnu++20";
				CLANG_ENABLE_MODULES = YES;
				CLANG_ENABLE_OBJC_ARC = YES;
				CLANG_ENABLE_OBJC_WEAK = YES;
				CLANG_WARN_BLOCK_CAPTURE_AUTORELEASING = YES;
				CLANG_WARN_BOOL_CONVERSION = YES;
				CLANG_WARN_COMMA = YES;
				CLANG_WARN_CONSTANT_CONVERSION = YES;
				CLANG_WARN_DEPRECATED_OBJC_IMPLEMENTATIONS = YES;
				CLANG_WARN_DIRECT_OBJC_ISA_USAGE = YES_ERROR;
				CLANG_WARN_DOCUMENTATION_COMMENTS = YES;
				CLANG_WARN_EMPTY_BODY = YES;
				CLANG_WARN_ENUM_CONVERSION = YES;
				CLANG_WARN_INFINITE_RECURSION = YES;
				CLANG_WARN_INT_CONVERSION = YES;
				CLANG_WARN_NON_LITERAL_NULL_CONVERSION = YES;
				CLANG_WARN_OBJC_IMPLICIT_RETAIN_SELF = YES;
				CLANG_WARN_OBJC_LITERAL_CONVERSION = YES;
				CLANG_WARN_OBJC_ROOT_CLASS = YES_ERROR;
				CLANG_WARN_QUOTED_INCLUDE_IN_FRAMEWORK_HEADER = YES;
				CLANG_WARN_RANGE_LOOP_ANALYSIS = YES;
				CLANG_WARN_STRICT_PROTOTYPES = YES;
				CLANG_WARN_SUSPICIOUS_MOVE = YES;
				CLANG_WARN_UNGUARDED_AVAILABILITY = YES_AGGRESSIVE;
				CLANG_WARN_UNREACHABLE_CODE = YES;
				CLANG_WARN__DUPLICATE_METHOD_MATCH = YES;
				COPY_PHASE_STRIP = NO;
				DEBUG_INFORMATION_FORMAT = "dwarf-with-dsym";
				ENABLE_NS_ASSERTIONS = NO;
				ENABLE_STRICT_OBJC_MSGSEND = YES;
				ENABLE_USER_SCRIPT_SANDBOXING = YES;
				GCC_C_LANGUAGE_STANDARD = gnu17;
				GCC_NO_COMMON_BLOCKS = YES;
				GCC_WARN_64_TO_32_BIT_CONVERSION = YES;
				GCC_WARN_ABOUT_RETURN_TYPE = YES_ERROR;
				GCC_WARN_UNDECLARED_SELECTOR = YES;
				GCC_WARN_UNINITIALIZED_AUTOS = YES_AGGRESSIVE;
				GCC_WARN_UNUSED_FUNCTION = YES;
				GCC_WARN_UNUSED_VARIABLE = YES;
				IPHONEOS_DEPLOYMENT_TARGET = 18.0;
				LOCALIZATION_PREFERS_STRING_CATALOGS = YES;
				MTL_ENABLE_DEBUG_INFO = NO;
				MTL_FAST_MATH = YES;
				SDKROOT = iphoneos;
				SWIFT_COMPILATION_MODE = wholemodule;
				VALIDATE_PRODUCT = YES;
			};
			name = Release;
		};
		396C38E02DF953CF0050D84F /* Debug */ = {
			isa = XCBuildConfiguration;
			buildSettings = {
				ASSETCATALOG_COMPILER_APPICON_NAME = AppIcon;
				ASSETCATALOG_COMPILER_GLOBAL_ACCENT_COLOR_NAME = AccentColor;
				CODE_SIGN_STYLE = Automatic;
				CURRENT_PROJECT_VERSION = 1;
				DEVELOPMENT_ASSET_PATHS = "\"MonthlyBudgetApp/Preview Content\"";
				ENABLE_PREVIEWS = YES;
				GENERATE_INFOPLIST_FILE = YES;
				INFOPLIST_KEY_UIApplicationSceneManifest_Generation = YES;
				INFOPLIST_KEY_UIApplicationSupportsIndirectInputEvents = YES;
				INFOPLIST_KEY_UILaunchScreen_Generation = YES;
				INFOPLIST_KEY_UISupportedInterfaceOrientations_iPad = "UIInterfaceOrientationPortrait UIInterfaceOrientationPortraitUpsideDown UIInterfaceOrientationLandscapeLeft UIInterfaceOrientationLandscapeRight";
				INFOPLIST_KEY_UISupportedInterfaceOrientations_iPhone = "UIInterfaceOrientationPortrait UIInterfaceOrientationLandscapeLeft UIInterfaceOrientationLandscapeRight";
				LD_RUNPATH_SEARCH_PATHS = (
					"$(inherited)",
					"@executable_path/Frameworks",
				);
				MARKETING_VERSION = 1.0;
				PRODUCT_BUNDLE_IDENTIFIER = raizaK.MonthlyBudgetApp;
				PRODUCT_NAME = "$(TARGET_NAME)";
				SWIFT_EMIT_LOC_STRINGS = YES;
				SWIFT_VERSION = 5.0;
				TARGETED_DEVICE_FAMILY = "1,2";
			};
			name = Debug;
		};
		396C38E12DF953CF0050D84F /* Release */ = {
			isa = XCBuildConfiguration;
			buildSettings = {
				ASSETCATALOG_COMPILER_APPICON_NAME = AppIcon;
				ASSETCATALOG_COMPILER_GLOBAL_ACCENT_COLOR_NAME = AccentColor;
				CODE_SIGN_STYLE = Automatic;
				CURRENT_PROJECT_VERSION = 1;
				DEVELOPMENT_ASSET_PATHS = "\"MonthlyBudgetApp/Preview Content\"";
				ENABLE_PREVIEWS = YES;
				GENERATE_INFOPLIST_FILE = YES;
				INFOPLIST_KEY_UIApplicationSceneManifest_Generation = YES;
				INFOPLIST_KEY_UIApplicationSupportsIndirectInputEvents = YES;
				INFOPLIST_KEY_UILaunchScreen_Generation = YES;
				INFOPLIST_KEY_UISupportedInterfaceOrientations_iPad = "UIInterfaceOrientationPortrait UIInterfaceOrientationPortraitUpsideDown UIInterfaceOrientationLandscapeLeft UIInterfaceOrientationLandscapeRight";
				INFOPLIST_KEY_UISupportedInterfaceOrientations_iPhone = "UIInterfaceOrientationPortrait UIInterfaceOrientationLandscapeLeft UIInterfaceOrientationLandscapeRight";
				LD_RUNPATH_SEARCH_PATHS = (
					"$(inherited)",
					"@executable_path/Frameworks",
				);
				MARKETING_VERSION = 1.0;
				PRODUCT_BUNDLE_IDENTIFIER = raizaK.MonthlyBudgetApp;
				PRODUCT_NAME = "$(TARGET_NAME)";
				SWIFT_EMIT_LOC_STRINGS = YES;
				SWIFT_VERSION = 5.0;
				TARGETED_DEVICE_FAMILY = "1,2";
			};
			name = Release;
		};
		396C38E32DF953CF0050D84F /* Debug */ = {
			isa = XCBuildConfiguration;
			buildSettings = {
				BUNDLE_LOADER = "$(TEST_HOST)";
				CODE_SIGN_STYLE = Automatic;
				CURRENT_PROJECT_VERSION = 1;
				GENERATE_INFOPLIST_FILE = YES;
				IPHONEOS_DEPLOYMENT_TARGET = 18.0;
				MARKETING_VERSION = 1.0;
				PRODUCT_BUNDLE_IDENTIFIER = raizaK.MonthlyBudgetAppTests;
				PRODUCT_NAME = "$(TARGET_NAME)";
				SWIFT_EMIT_LOC_STRINGS = NO;
				SWIFT_VERSION = 5.0;
				TARGETED_DEVICE_FAMILY = "1,2";
				TEST_HOST = "$(BUILT_PRODUCTS_DIR)/MonthlyBudgetApp.app/$(BUNDLE_EXECUTABLE_FOLDER_PATH)/MonthlyBudgetApp";
			};
			name = Debug;
		};
		396C38E42DF953CF0050D84F /* Release */ = {
			isa = XCBuildConfiguration;
			buildSettings = {
				BUNDLE_LOADER = "$(TEST_HOST)";
				CODE_SIGN_STYLE = Automatic;
				CURRENT_PROJECT_VERSION = 1;
				GENERATE_INFOPLIST_FILE = YES;
				IPHONEOS_DEPLOYMENT_TARGET = 18.0;
				MARKETING_VERSION = 1.0;
				PRODUCT_BUNDLE_IDENTIFIER = raizaK.MonthlyBudgetAppTests;
				PRODUCT_NAME = "$(TARGET_NAME)";
				SWIFT_EMIT_LOC_STRINGS = NO;
				SWIFT_VERSION = 5.0;
				TARGETED_DEVICE_FAMILY = "1,2";
				TEST_HOST = "$(BUILT_PRODUCTS_DIR)/MonthlyBudgetApp.app/$(BUNDLE_EXECUTABLE_FOLDER_PATH)/MonthlyBudgetApp";
			};
			name = Release;
		};
		396C38E62DF953CF0050D84F /* Debug */ = {
			isa = XCBuildConfiguration;
			buildSettings = {
				CODE_SIGN_STYLE = Automatic;
				CURRENT_PROJECT_VERSION = 1;
				GENERATE_INFOPLIST_FILE = YES;
				MARKETING_VERSION = 1.0;
				PRODUCT_BUNDLE_IDENTIFIER = raizaK.MonthlyBudgetAppUITests;
				PRODUCT_NAME = "$(TARGET_NAME)";
				SWIFT_EMIT_LOC_STRINGS = NO;
				SWIFT_VERSION = 5.0;
				TARGETED_DEVICE_FAMILY = "1,2";
				TEST_TARGET_NAME = MonthlyBudgetApp;
			};
			name = Debug;
		};
		396C38E72DF953CF0050D84F /* Release */ = {
			isa = XCBuildConfiguration;
			buildSettings = {
				CODE_SIGN_STYLE = Automatic;
				CURRENT_PROJECT_VERSION = 1;
				GENERATE_INFOPLIST_FILE = YES;
				MARKETING_VERSION = 1.0;
				PRODUCT_BUNDLE_IDENTIFIER = raizaK.MonthlyBudgetAppUITests;
				PRODUCT_NAME = "$(TARGET_NAME)";
				SWIFT_EMIT_LOC_STRINGS = NO;
				SWIFT_VERSION = 5.0;
				TARGETED_DEVICE_FAMILY = "1,2";
				TEST_TARGET_NAME = MonthlyBudgetApp;
			};
			name = Release;
		};
/* End XCBuildConfiguration section */

/* Begin XCConfigurationList section */
		396C38B62DF953CE0050D84F /* Build configuration list for PBXProject "MonthlyBudgetApp" */ = {
			isa = XCConfigurationList;
			buildConfigurations = (
				396C38DD2DF953CF0050D84F /* Debug */,
				396C38DE2DF953CF0050D84F /* Release */,
			);
			defaultConfigurationIsVisible = 0;
			defaultConfigurationName = Release;
		};
		396C38DF2DF953CF0050D84F /* Build configuration list for PBXNativeTarget "MonthlyBudgetApp" */ = {
			isa = XCConfigurationList;
			buildConfigurations = (
				396C38E02DF953CF0050D84F /* Debug */,
				396C38E12DF953CF0050D84F /* Release */,
			);
			defaultConfigurationIsVisible = 0;
			defaultConfigurationName = Release;
		};
		396C38E22DF953CF0050D84F /* Build configuration list for PBXNativeTarget "MonthlyBudgetAppTests" */ = {
			isa = XCConfigurationList;
			buildConfigurations = (
				396C38E32DF953CF0050D84F /* Debug */,
				396C38E42DF953CF0050D84F /* Release */,
			);
			defaultConfigurationIsVisible = 0;
			defaultConfigurationName = Release;
		};
		396C38E52DF953CF0050D84F /* Build configuration list for PBXNativeTarget "MonthlyBudgetAppUITests" */ = {
			isa = XCConfigurationList;
			buildConfigurations = (
				396C38E62DF953CF0050D84F /* Debug */,
				396C38E72DF953CF0050D84F /* Release */,
			);
			defaultConfigurationIsVisible = 0;
			defaultConfigurationName = Release;
		};
/* End XCConfigurationList section */
	};
	rootObject = 396C38B32DF953CE0050D84F /* Project object */;
}
